
Microsoft Visual Studio Solution File, Format Version 12.00
# Visual Studio Version 17
VisualStudioVersion = 17.2.32516.85
MinimumVisualStudioVersion = 10.0.40219.1
Project("{9A19103F-16F7-4668-BE54-9A1E7A4F7556}") = "CLI", "CLI\CLI.csproj", "{4FFBBA21-363B-4F36-8AA8-028D9B884BEA}"
EndProject
Project("{9A19103F-16F7-4668-BE54-9A1E7A4F7556}") = "Logic", "Logic\Logic.csproj", "{5F81C31B-0840-40E5-B287-4BC30AA6B93F}"
	ProjectSection(ProjectDependencies) = postProject
		{18F0AFFA-0165-4389-8826-2CF2333AA2E2} = {18F0AFFA-0165-4389-8826-2CF2333AA2E2}
		{913C3292-F4D3-4B1A-A5DC-30A22369CFA0} = {913C3292-F4D3-4B1A-A5DC-30A22369CFA0}
	EndProjectSection
EndProject
Project("{9A19103F-16F7-4668-BE54-9A1E7A4F7556}") = "Model", "Model\Model.csproj", "{913C3292-F4D3-4B1A-A5DC-30A22369CFA0}"
EndProject
Project("{9A19103F-16F7-4668-BE54-9A1E7A4F7556}") = "Repositories", "Data\Repositories.csproj", "{18F0AFFA-0165-4389-8826-2CF2333AA2E2}"
	ProjectSection(ProjectDependencies) = postProject
		{913C3292-F4D3-4B1A-A5DC-30A22369CFA0} = {913C3292-F4D3-4B1A-A5DC-30A22369CFA0}
		{E16C0895-E99D-470D-904A-86B79B006236} = {E16C0895-E99D-470D-904A-86B79B006236}
	EndProjectSection
EndProject
Project("{9A19103F-16F7-4668-BE54-9A1E7A4F7556}") = "UserInterface", "User Interface\UserInterface.csproj", "{FACB7595-E9F1-4565-9F58-9AED25561495}"
EndProject
Project("{9A19103F-16F7-4668-BE54-9A1E7A4F7556}") = "Exceptions", "Exceptions\Exceptions.csproj", "{E16C0895-E99D-470D-904A-86B79B006236}"
EndProject
Project("{9A19103F-16F7-4668-BE54-9A1E7A4F7556}") = "RepositoriesImplementations", "RepositoriesImplementations\RepositoriesImplementations.csproj", "{600B99DA-9A9B-4607-9D0F-D9992C5DC8EF}"
	ProjectSection(ProjectDependencies) = postProject
		{18F0AFFA-0165-4389-8826-2CF2333AA2E2} = {18F0AFFA-0165-4389-8826-2CF2333AA2E2}
		{913C3292-F4D3-4B1A-A5DC-30A22369CFA0} = {913C3292-F4D3-4B1A-A5DC-30A22369CFA0}
		{E16C0895-E99D-470D-904A-86B79B006236} = {E16C0895-E99D-470D-904A-86B79B006236}
	EndProjectSection
EndProject
Project("{9A19103F-16F7-4668-BE54-9A1E7A4F7556}") = "WebAPI", "WebAPI\WebAPI.csproj", "{714392BA-B992-42EE-8BDE-A81AC984E174}"
	ProjectSection(ProjectDependencies) = postProject
		{18F0AFFA-0165-4389-8826-2CF2333AA2E2} = {18F0AFFA-0165-4389-8826-2CF2333AA2E2}
		{5F81C31B-0840-40E5-B287-4BC30AA6B93F} = {5F81C31B-0840-40E5-B287-4BC30AA6B93F}
		{600B99DA-9A9B-4607-9D0F-D9992C5DC8EF} = {600B99DA-9A9B-4607-9D0F-D9992C5DC8EF}
		{913C3292-F4D3-4B1A-A5DC-30A22369CFA0} = {913C3292-F4D3-4B1A-A5DC-30A22369CFA0}
		{E16C0895-E99D-470D-904A-86B79B006236} = {E16C0895-E99D-470D-904A-86B79B006236}
	EndProjectSection
EndProject
Project("{9A19103F-16F7-4668-BE54-9A1E7A4F7556}") = "Tests", "Tests\Tests.csproj", "{E455E2C0-87DF-495F-A2BD-EA568E7C6325}"
EndProject
Global
	GlobalSection(SolutionConfigurationPlatforms) = preSolution
		Debug|Any CPU = Debug|Any CPU
		Release|Any CPU = Release|Any CPU
	EndGlobalSection
	GlobalSection(ProjectConfigurationPlatforms) = postSolution
		{4FFBBA21-363B-4F36-8AA8-028D9B884BEA}.Debug|Any CPU.ActiveCfg = Debug|Any CPU
		{4FFBBA21-363B-4F36-8AA8-028D9B884BEA}.Debug|Any CPU.Build.0 = Debug|Any CPU
		{4FFBBA21-363B-4F36-8AA8-028D9B884BEA}.Release|Any CPU.ActiveCfg = Release|Any CPU
		{4FFBBA21-363B-4F36-8AA8-028D9B884BEA}.Release|Any CPU.Build.0 = Release|Any CPU
		{5F81C31B-0840-40E5-B287-4BC30AA6B93F}.Debug|Any CPU.ActiveCfg = Debug|Any CPU
		{5F81C31B-0840-40E5-B287-4BC30AA6B93F}.Debug|Any CPU.Build.0 = Debug|Any CPU
		{5F81C31B-0840-40E5-B287-4BC30AA6B93F}.Release|Any CPU.ActiveCfg = Release|Any CPU
		{5F81C31B-0840-40E5-B287-4BC30AA6B93F}.Release|Any CPU.Build.0 = Release|Any CPU
		{913C3292-F4D3-4B1A-A5DC-30A22369CFA0}.Debug|Any CPU.ActiveCfg = Debug|Any CPU
		{913C3292-F4D3-4B1A-A5DC-30A22369CFA0}.Debug|Any CPU.Build.0 = Debug|Any CPU
		{913C3292-F4D3-4B1A-A5DC-30A22369CFA0}.Release|Any CPU.ActiveCfg = Release|Any CPU
		{913C3292-F4D3-4B1A-A5DC-30A22369CFA0}.Release|Any CPU.Build.0 = Release|Any CPU
		{18F0AFFA-0165-4389-8826-2CF2333AA2E2}.Debug|Any CPU.ActiveCfg = Debug|Any CPU
		{18F0AFFA-0165-4389-8826-2CF2333AA2E2}.Debug|Any CPU.Build.0 = Debug|Any CPU
		{18F0AFFA-0165-4389-8826-2CF2333AA2E2}.Release|Any CPU.ActiveCfg = Release|Any CPU
		{18F0AFFA-0165-4389-8826-2CF2333AA2E2}.Release|Any CPU.Build.0 = Release|Any CPU
		{FACB7595-E9F1-4565-9F58-9AED25561495}.Debug|Any CPU.ActiveCfg = Debug|Any CPU
		{FACB7595-E9F1-4565-9F58-9AED25561495}.Debug|Any CPU.Build.0 = Debug|Any CPU
		{FACB7595-E9F1-4565-9F58-9AED25561495}.Release|Any CPU.ActiveCfg = Release|Any CPU
		{FACB7595-E9F1-4565-9F58-9AED25561495}.Release|Any CPU.Build.0 = Release|Any CPU
		{E16C0895-E99D-470D-904A-86B79B006236}.Debug|Any CPU.ActiveCfg = Debug|Any CPU
		{E16C0895-E99D-470D-904A-86B79B006236}.Debug|Any CPU.Build.0 = Debug|Any CPU
		{E16C0895-E99D-470D-904A-86B79B006236}.Release|Any CPU.ActiveCfg = Release|Any CPU
		{E16C0895-E99D-470D-904A-86B79B006236}.Release|Any CPU.Build.0 = Release|Any CPU
		{600B99DA-9A9B-4607-9D0F-D9992C5DC8EF}.Debug|Any CPU.ActiveCfg = Debug|Any CPU
		{600B99DA-9A9B-4607-9D0F-D9992C5DC8EF}.Debug|Any CPU.Build.0 = Debug|Any CPU
		{600B99DA-9A9B-4607-9D0F-D9992C5DC8EF}.Release|Any CPU.ActiveCfg = Release|Any CPU
		{600B99DA-9A9B-4607-9D0F-D9992C5DC8EF}.Release|Any CPU.Build.0 = Release|Any CPU
		{714392BA-B992-42EE-8BDE-A81AC984E174}.Debug|Any CPU.ActiveCfg = Debug|Any CPU
		{714392BA-B992-42EE-8BDE-A81AC984E174}.Debug|Any CPU.Build.0 = Debug|Any CPU
		{714392BA-B992-42EE-8BDE-A81AC984E174}.Release|Any CPU.ActiveCfg = Release|Any CPU
		{714392BA-B992-42EE-8BDE-A81AC984E174}.Release|Any CPU.Build.0 = Release|Any CPU
		{E455E2C0-87DF-495F-A2BD-EA568E7C6325}.Debug|Any CPU.ActiveCfg = Debug|Any CPU
		{E455E2C0-87DF-495F-A2BD-EA568E7C6325}.Debug|Any CPU.Build.0 = Debug|Any CPU
		{E455E2C0-87DF-495F-A2BD-EA568E7C6325}.Release|Any CPU.ActiveCfg = Release|Any CPU
		{E455E2C0-87DF-495F-A2BD-EA568E7C6325}.Release|Any CPU.Build.0 = Release|Any CPU
	EndGlobalSection
	GlobalSection(SolutionProperties) = preSolution
		HideSolutionNode = FALSE
	EndGlobalSection
	GlobalSection(ExtensibilityGlobals) = postSolution
		SolutionGuid = {56B4D1B2-4B30-4203-A029-ADE67899B6CB}
	EndGlobalSection
EndGlobal
